// !$*UTF8*$!
{
	archiveVersion = 1;
	classes = {
	};
	objectVersion = 77;
	objects = {

/* Begin PBXContainerItemProxy section */
		9A2471D82F47BB3D0021B434 /* PBXContainerItemProxy */ = {
			isa = PBXContainerItemProxy;
			containerPortal = 9A2471BB2F47BB3C0021B434 /* Project object */;
			proxyType = 1;
			remoteGlobalIDString = 9A2471C22F47BB3C0021B434;
			remoteInfo = progress;
		};
		9A2471E22F47BB3D0021B434 /* PBXContainerItemProxy */ = {
			isa = PBXContainerItemProxy;
			containerPortal = 9A2471BB2F47BB3C0021B434 /* Project object */;
			proxyType = 1;
			remoteGlobalIDString = 9A2471C22F47BB3C0021B434;
			remoteInfo = progress;
		};
/* End PBXContainerItemProxy section */

/* Begin PBXFileReference section */
		9A2471C32F47BB3C0021B434 /* progress-daily.app */ = {isa = PBXFileReference; explicitFileType = wrapper.application; includeInIndex = 0; path = "progress-daily.app"; sourceTree = BUILT_PRODUCTS_DIR; };
		9A2471D72F47BB3D0021B434 /* progressTests.xctest */ = {isa = PBXFileReference; explicitFileType = wrapper.cfbundle; includeInIndex = 0; path = progressTests.xctest; sourceTree = BUILT_PRODUCTS_DIR; };
		9A2471E12F47BB3D0021B434 /* progressUITests.xctest */ = {isa = PBXFileReference; explicitFileType = wrapper.cfbundle; includeInIndex = 0; path = progressUITests.xctest; sourceTree = BUILT_PRODUCTS_DIR; };
/* End PBXFileReference section */

/* Begin PBXFileSystemSynchronizedBuildFileExceptionSet section */
		9A2471E92F47BB3D0021B434 /* Exceptions for "progress" folder in "progress" target */ = {
			isa = PBXFileSystemSynchronizedBuildFileExceptionSet;
			membershipExceptions = (
				Info.plist,
			);
			target = 9A2471C22F47BB3C0021B434 /* progress */;
		};
/* End PBXFileSystemSynchronizedBuildFileExceptionSet section */

/* Begin PBXFileSystemSynchronizedRootGroup section */
		9A2471C52F47BB3C0021B434 /* progress */ = {
			isa = PBXFileSystemSynchronizedRootGroup;
			exceptions = (
				9A2471E92F47BB3D0021B434 /* Exceptions for "progress" folder in "progress" target */,
			);
			path = progress;
			sourceTree = "<group>";
		};
		9A2471DA2F47BB3D0021B434 /* progressTests */ = {
			isa = PBXFileSystemSynchronizedRootGroup;
			path = progressTests;
			sourceTree = "<group>";
		};
		9A2471E42F47BB3D0021B434 /* progressUITests */ = {
			isa = PBXFileSystemSynchronizedRootGroup;
			path = progressUITests;
			sourceTree = "<group>";
		};
/* End PBXFileSystemSynchronizedRootGroup section */

/* Begin PBXFrameworksBuildPhase section */
		9A2471C02F47BB3C0021B434 /* Frameworks */ = {
			isa = PBXFrameworksBuildPhase;
			buildActionMask = 2147483647;
			files = (
			);
			runOnlyForDeploymentPostprocessing = 0;
		};
		9A2471D42F47BB3D0021B434 /* Frameworks */ = {
			isa = PBXFrameworksBuildPhase;
			buildActionMask = 2147483647;
			files = (
			);
			runOnlyForDeploymentPostprocessing = 0;
		};
		9A2471DE2F47BB3D0021B434 /* Frameworks */ = {
			isa = PBXFrameworksBuildPhase;
			buildActionMask = 2147483647;
			files = (
			);
			runOnlyForDeploymentPostprocessing = 0;
		};
/* End PBXFrameworksBuildPhase section */

/* Begin PBXGroup section */
		9A2471BA2F47BB3C0021B434 = {
			isa = PBXGroup;
			children = (
				9A2471C52F47BB3C0021B434 /* progress */,
				9A2471DA2F47BB3D0021B434 /* progressTests */,
				9A2471E42F47BB3D0021B434 /* progressUITests */,
				9A2471C42F47BB3C0021B434 /* Products */,
			);
			sourceTree = "<group>";
		};
		9A2471C42F47BB3C0021B434 /* Products */ = {
			isa = PBXGroup;
			children = (
				9A2471C32F47BB3C0021B434 /* progress-daily.app */,
				9A2471D72F47BB3D0021B434 /* progressTests.xctest */,
				9A2471E12F47BB3D0021B434 /* progressUITests.xctest */,
			);
			name = Products;
			sourceTree = "<group>";
		};
/* End PBXGroup section */

/* Begin PBXNativeTarget section */
		9A2471C22F47BB3C0021B434 /* progress */ = {
			isa = PBXNativeTarget;
			buildConfigurationList = 9A2471EA2F47BB3D0021B434 /* Build configuration list for PBXNativeTarget "progress" */;
			buildPhases = (
				9A2471BF2F47BB3C0021B434 /* Sources */,
				9A2471C02F47BB3C0021B434 /* Frameworks */,
				9A2471C12F47BB3C0021B434 /* Resources */,
			);
			buildRules = (
			);
			dependencies = (
			);
			fileSystemSynchronizedGroups = (
				9A2471C52F47BB3C0021B434 /* progress */,
			);
			name = progress;
			packageProductDependencies = (
			);
			productName = progress;
			productReference = 9A2471C32F47BB3C0021B434 /* progress-daily.app */;
			productType = "com.apple.product-type.application";
		};
		9A2471D62F47BB3D0021B434 /* progressTests */ = {
			isa = PBXNativeTarget;
			buildConfigurationList = 9A2471EF2F47BB3D0021B434 /* Build configuration list for PBXNativeTarget "progressTests" */;
			buildPhases = (
				9A2471D32F47BB3D0021B434 /* Sources */,
				9A2471D42F47BB3D0021B434 /* Frameworks */,
				9A2471D52F47BB3D0021B434 /* Resources */,
			);
			buildRules = (
			);
			dependencies = (
				9A2471D92F47BB3D0021B434 /* PBXTargetDependency */,
			);
			fileSystemSynchronizedGroups = (
				9A2471DA2F47BB3D0021B434 /* progressTests */,
			);
			name = progressTests;
			packageProductDependencies = (
			);
			productName = progressTests;
			productReference = 9A2471D72F47BB3D0021B434 /* progressTests.xctest */;
			productType = "com.apple.product-type.bundle.unit-test";
		};
		9A2471E02F47BB3D0021B434 /* progressUITests */ = {
			isa = PBXNativeTarget;
			buildConfigurationList = 9A2471F22F47BB3D0021B434 /* Build configuration list for PBXNativeTarget "progressUITests" */;
			buildPhases = (
				9A2471DD2F47BB3D0021B434 /* Sources */,
				9A2471DE2F47BB3D0021B434 /* Frameworks */,
				9A2471DF2F47BB3D0021B434 /* Resources */,
			);
			buildRules = (
			);
			dependencies = (
				9A2471E32F47BB3D0021B434 /* PBXTargetDependency */,
			);
			fileSystemSynchronizedGroups = (
				9A2471E42F47BB3D0021B434 /* progressUITests */,
			);
			name = progressUITests;
			packageProductDependencies = (
			);
			productName = progressUITests;
			productReference = 9A2471E12F47BB3D0021B434 /* progressUITests.xctest */;
			productType = "com.apple.product-type.bundle.ui-testing";
		};
/* End PBXNativeTarget section */

/* Begin PBXProject section */
		9A2471BB2F47BB3C0021B434 /* Project object */ = {
			isa = PBXProject;
			attributes = {
				BuildIndependentTargetsInParallel = 1;
				LastSwiftUpdateCheck = 2620;
				LastUpgradeCheck = 2640;
				TargetAttributes = {
					9A2471C22F47BB3C0021B434 = {
						CreatedOnToolsVersion = 26.2;
					};
					9A2471D62F47BB3D0021B434 = {
						CreatedOnToolsVersion = 26.2;
						TestTargetID = 9A2471C22F47BB3C0021B434;
					};
					9A2471E02F47BB3D0021B434 = {
						CreatedOnToolsVersion = 26.2;
						TestTargetID = 9A2471C22F47BB3C0021B434;
					};
				};
			};
			buildConfigurationList = 9A2471BE2F47BB3C0021B434 /* Build configuration list for PBXProject "progress" */;
			developmentRegion = en;
			hasScannedForEncodings = 0;
			knownRegions = (
				en,
				Base,
			);
			mainGroup = 9A2471BA2F47BB3C0021B434;
			minimizedProjectReferenceProxies = 1;
			preferredProjectObjectVersion = 77;
			productRefGroup = 9A2471C42F47BB3C0021B434 /* Products */;
			projectDirPath = "";
			projectRoot = "";
			targets = (
				9A2471C22F47BB3C0021B434 /* progress */,
				9A2471D62F47BB3D0021B434 /* progressTests */,
				9A2471E02F47BB3D0021B434 /* progressUITests */,
			);
		};
/* End PBXProject section */

/* Begin PBXResourcesBuildPhase section */
		9A2471C12F47BB3C0021B434 /* Resources */ = {
			isa = PBXResourcesBuildPhase;
			buildActionMask = 2147483647;
			files = (
			);
			runOnlyForDeploymentPostprocessing = 0;
		};
		9A2471D52F47BB3D0021B434 /* Resources */ = {
			isa = PBXResourcesBuildPhase;
			buildActionMask = 2147483647;
			files = (
			);
			runOnlyForDeploymentPostprocessing = 0;
		};
		9A2471DF2F47BB3D0021B434 /* Resources */ = {
			isa = PBXResourcesBuildPhase;
			buildActionMask = 2147483647;
			files = (
			);
			runOnlyForDeploymentPostprocessing = 0;
		};
/* End PBXResourcesBuildPhase section */

/* Begin PBXSourcesBuildPhase section */
		9A2471BF2F47BB3C0021B434 /* Sources */ = {
			isa = PBXSourcesBuildPhase;
			buildActionMask = 2147483647;
			files = (
			);
			runOnlyForDeploymentPostprocessing = 0;
		};
		9A2471D32F47BB3D0021B434 /* Sources */ = {
			isa = PBXSourcesBuildPhase;
			buildActionMask = 2147483647;
			files = (
			);
			runOnlyForDeploymentPostprocessing = 0;
		};
		9A2471DD2F47BB3D0021B434 /* Sources */ = {
			isa = PBXSourcesBuildPhase;
			buildActionMask = 2147483647;
			files = (
			);
			runOnlyForDeploymentPostprocessing = 0;
		};
/* End PBXSourcesBuildPhase section */

/* Begin PBXTargetDependency section */
		9A2471D92F47BB3D0021B434 /* PBXTargetDependency */ = {
			isa = PBXTargetDependency;
			target = 9A2471C22F47BB3C0021B434 /* progress */;
			targetProxy = 9A2471D82F47BB3D0021B434 /* PBXContainerItemProxy */;
		};
		9A2471E32F47BB3D0021B434 /* PBXTargetDependency */ = {
			isa = PBXTargetDependency;
			target = 9A2471C22F47BB3C0021B434 /* progress */;
			targetProxy = 9A2471E22F47BB3D0021B434 /* PBXContainerItemProxy */;
		};
/* End PBXTargetDependency section */

/* Begin XCBuildConfiguration section */
		9A2471EB2F47BB3D0021B434 /* Debug */ = {
			isa = XCBuildConfiguration;
			buildSettings = {
				ASSETCATALOG_COMPILER_APPICON_NAME = AppIcon;
				ASSETCATALOG_COMPILER_GLOBAL_ACCENT_COLOR_NAME = AccentColor;
				CODE_SIGN_ENTITLEMENTS = progress/progress.entitlements;
				CODE_SIGN_STYLE = Automatic;
				CURRENT_PROJECT_VERSION = 1;
				DEVELOPMENT_TEAM = PRMMZ6KL9P;
				ENABLE_PREVIEWS = YES;
				GENERATE_INFOPLIST_FILE = YES;
				INFOPLIST_FILE = progress/Info.plist;
				INFOPLIST_KEY_CFBundleDisplayName = Daily;
				INFOPLIST_KEY_LSApplicationCategoryType = "public.app-category.photography";
				INFOPLIST_KEY_NSCameraUsageDescription = "We need access to your camera to capture daily photos.";
				INFOPLIST_KEY_NSLocationWhenInUseUsageDescription = "We save your location with each photo to remember where it was taken.";
				INFOPLIST_KEY_NSPhotoLibraryAddUsageDescription = "We can save photos to your photo library if you choose.";
				INFOPLIST_KEY_NSPhotoLibraryUsageDescription = "We need access to your photo library to import Live Photos you select.";
				INFOPLIST_KEY_UIApplicationSceneManifest_Generation = YES;
				INFOPLIST_KEY_UIApplicationSupportsIndirectInputEvents = YES;
				INFOPLIST_KEY_UILaunchScreen_Generation = YES;
				INFOPLIST_KEY_UISupportedInterfaceOrientations = UIInterfaceOrientationPortrait;
				INFOPLIST_KEY_UISupportedInterfaceOrientations_iPad = "UIInterfaceOrientationLandscapeLeft UIInterfaceOrientationLandscapeRight UIInterfaceOrientationPortrait UIInterfaceOrientationPortraitUpsideDown";
				LD_RUNPATH_SEARCH_PATHS = (
					"$(inherited)",
					"@executable_path/Frameworks",
				);
				MARKETING_VERSION = 0.5;
				PRODUCT_BUNDLE_IDENTIFIER = me.riepl.progress;
				PRODUCT_NAME = "progress-daily";
				STRING_CATALOG_GENERATE_SYMBOLS = YES;
				SWIFT_APPROACHABLE_CONCURRENCY = YES;
				SWIFT_DEFAULT_ACTOR_ISOLATION = MainActor;
				SWIFT_EMIT_LOC_STRINGS = YES;
				SWIFT_UPCOMING_FEATURE_MEMBER_IMPORT_VISIBILITY = YES;
				SWIFT_VERSION = 5.0;
				TARGETED_DEVICE_FAMILY = "1,2";
			};
			name = Debug;
		};
		9A2471EC2F47BB3D0021B434 /* Release */ = {
			isa = XCBuildConfiguration;
			buildSettings = {
				ASSETCATALOG_COMPILER_APPICON_NAME = AppIcon;
				ASSETCATALOG_COMPILER_GLOBAL_ACCENT_COLOR_NAME = AccentColor;
				CODE_SIGN_ENTITLEMENTS = progress/progress.entitlements;
				CODE_SIGN_STYLE = Automatic;
				CURRENT_PROJECT_VERSION = 1;
				DEVELOPMENT_TEAM = PRMMZ6KL9P;
				ENABLE_PREVIEWS = YES;
				GENERATE_INFOPLIST_FILE = YES;
				INFOPLIST_FILE = progress/Info.plist;
				INFOPLIST_KEY_CFBundleDisplayName = Daily;
				INFOPLIST_KEY_LSApplicationCategoryType = "public.app-category.photography";
				INFOPLIST_KEY_NSCameraUsageDescription = "We need access to your camera to capture daily photos.";
				INFOPLIST_KEY_NSLocationWhenInUseUsageDescription = "We save your location with each photo to remember where it was taken.";
				INFOPLIST_KEY_NSPhotoLibraryAddUsageDescription = "We can save photos to your photo library if you choose.";
				INFOPLIST_KEY_NSPhotoLibraryUsageDescription = "We need access to your photo library to import Live Photos you select.";
				INFOPLIST_KEY_UIApplicationSceneManifest_Generation = YES;
				INFOPLIST_KEY_UIApplicationSupportsIndirectInputEvents = YES;
				INFOPLIST_KEY_UILaunchScreen_Generation = YES;
				INFOPLIST_KEY_UISupportedInterfaceOrientations = UIInterfaceOrientationPortrait;
				INFOPLIST_KEY_UISupportedInterfaceOrientations_iPad = "UIInterfaceOrientationLandscapeLeft UIInterfaceOrientationLandscapeRight UIInterfaceOrientationPortrait UIInterfaceOrientationPortraitUpsideDown";
				LD_RUNPATH_SEARCH_PATHS = (
					"$(inherited)",
					"@executable_path/Frameworks",
				);
				MARKETING_VERSION = 0.5;
				PRODUCT_BUNDLE_IDENTIFIER = me.riepl.progress;
				PRODUCT_NAME = "progress-daily";
				STRING_CATALOG_GENERATE_SYMBOLS = YES;
				SWIFT_APPROACHABLE_CONCURRENCY = YES;
				SWIFT_DEFAULT_ACTOR_ISOLATION = MainActor;
				SWIFT_EMIT_LOC_STRINGS = YES;
				SWIFT_UPCOMING_FEATURE_MEMBER_IMPORT_VISIBILITY = YES;
				SWIFT_VERSION = 5.0;
				TARGETED_DEVICE_FAMILY = "1,2";
			};
			name = Release;
		};
		9A2471ED2F47BB3D0021B434 /* Debug */ = {
			isa = XCBuildConfiguration;
			buildSettings = {
				ALWAYS_SEARCH_USER_PATHS = NO;
				ASSETCATALOG_COMPILER_GENERATE_SWIFT_ASSET_SYMBOL_EXTENSIONS = YES;
				CLANG_ANALYZER_NONNULL = YES;
				CLANG_ANALYZER_NUMBER_OBJECT_CONVERSION = YES_AGGRESSIVE;
				CLANG_CXX_LANGUAGE_STANDARD = "gnu++20";
				CLANG_ENABLE_MODULES = YES;
				CLANG_ENABLE_OBJC_ARC = YES;
				CLANG_ENABLE_OBJC_WEAK = YES;
				CLANG_WARN_BLOCK_CAPTURE_AUTORELEASING = YES;
				CLANG_WARN_BOOL_CONVERSION = YES;
				CLANG_WARN_COMMA = YES;
				CLANG_WARN_CONSTANT_CONVERSION = YES;
				CLANG_WARN_DEPRECATED_OBJC_IMPLEMENTATIONS = YES;
				CLANG_WARN_DIRECT_OBJC_ISA_USAGE = YES_ERROR;
				CLANG_WARN_DOCUMENTATION_COMMENTS = YES;
				CLANG_WARN_EMPTY_BODY = YES;
				CLANG_WARN_ENUM_CONVERSION = YES;
				CLANG_WARN_INFINITE_RECURSION = YES;
				CLANG_WARN_INT_CONVERSION = YES;
				CLANG_WARN_NON_LITERAL_NULL_CONVERSION = YES;
				CLANG_WARN_OBJC_IMPLICIT_RETAIN_SELF = YES;
				CLANG_WARN_OBJC_LITERAL_CONVERSION = YES;
				CLANG_WARN_OBJC_ROOT_CLASS = YES_ERROR;
				CLANG_WARN_QUOTED_INCLUDE_IN_FRAMEWORK_HEADER = YES;
				CLANG_WARN_RANGE_LOOP_ANALYSIS = YES;
				CLANG_WARN_STRICT_PROTOTYPES = YES;
				CLANG_WARN_SUSPICIOUS_MOVE = YES;
				CLANG_WARN_UNGUARDED_AVAILABILITY = YES_AGGRESSIVE;
				CLANG_WARN_UNREACHABLE_CODE = YES;
				CLANG_WARN__DUPLICATE_METHOD_MATCH = YES;
				COPY_PHASE_STRIP = NO;
				DEBUG_INFORMATION_FORMAT = dwarf;
				DEVELOPMENT_TEAM = AEHX3J775Q;
				ENABLE_STRICT_OBJC_MSGSEND = YES;
				ENABLE_TESTABILITY = YES;
				ENABLE_USER_SCRIPT_SANDBOXING = YES;
				GCC_C_LANGUAGE_STANDARD = gnu17;
				GCC_DYNAMIC_NO_PIC = NO;
				GCC_NO_COMMON_BLOCKS = YES;
				GCC_OPTIMIZATION_LEVEL = 0;
				GCC_PREPROCESSOR_DEFINITIONS = (
					"DEBUG=1",
					"$(inherited)",
				);
				GCC_WARN_64_TO_32_BIT_CONVERSION = YES;
				GCC_WARN_ABOUT_RETURN_TYPE = YES_ERROR;
				GCC_WARN_UNDECLARED_SELECTOR = YES;
				GCC_WARN_UNINITIALIZED_AUTOS = YES_AGGRESSIVE;
				GCC_WARN_UNUSED_FUNCTION = YES;
				GCC_WARN_UNUSED_VARIABLE = YES;
				IPHONEOS_DEPLOYMENT_TARGET = 26.2;
				LOCALIZATION_PREFERS_STRING_CATALOGS = YES;
				MTL_ENABLE_DEBUG_INFO = INCLUDE_SOURCE;
				MTL_FAST_MATH = YES;
				ONLY_ACTIVE_ARCH = YES;
				SDKROOT = iphoneos;
				STRING_CATALOG_GENERATE_SYMBOLS = YES;
				SWIFT_ACTIVE_COMPILATION_CONDITIONS = "DEBUG $(inherited)";
				SWIFT_OPTIMIZATION_LEVEL = "-Onone";
			};
			name = Debug;
		};
		9A2471EE2F47BB3D0021B434 /* Release */ = {
			isa = XCBuildConfiguration;
			buildSettings = {
				ALWAYS_SEARCH_USER_PATHS = NO;
				ASSETCATALOG_COMPILER_GENERATE_SWIFT_ASSET_SYMBOL_EXTENSIONS = YES;
				CLANG_ANALYZER_NONNULL = YES;
				CLANG_ANALYZER_NUMBER_OBJECT_CONVERSION = YES_AGGRESSIVE;
				CLANG_CXX_LANGUAGE_STANDARD = "gnu++20";
				CLANG_ENABLE_MODULES = YES;
				CLANG_ENABLE_OBJC_ARC = YES;
				CLANG_ENABLE_OBJC_WEAK = YES;
				CLANG_WARN_BLOCK_CAPTURE_AUTORELEASING = YES;
				CLANG_WARN_BOOL_CONVERSION = YES;
				CLANG_WARN_COMMA = YES;
				CLANG_WARN_CONSTANT_CONVERSION = YES;
				CLANG_WARN_DEPRECATED_OBJC_IMPLEMENTATIONS = YES;
				CLANG_WARN_DIRECT_OBJC_ISA_USAGE = YES_ERROR;
				CLANG_WARN_DOCUMENTATION_COMMENTS = YES;
				CLANG_WARN_EMPTY_BODY = YES;
				CLANG_WARN_ENUM_CONVERSION = YES;
				CLANG_WARN_INFINITE_RECURSION = YES;
				CLANG_WARN_INT_CONVERSION = YES;
				CLANG_WARN_NON_LITERAL_NULL_CONVERSION = YES;
				CLANG_WARN_OBJC_IMPLICIT_RETAIN_SELF = YES;
				CLANG_WARN_OBJC_LITERAL_CONVERSION = YES;
				CLANG_WARN_OBJC_ROOT_CLASS = YES_ERROR;
				CLANG_WARN_QUOTED_INCLUDE_IN_FRAMEWORK_HEADER = YES;
				CLANG_WARN_RANGE_LOOP_ANALYSIS = YES;
				CLANG_WARN_STRICT_PROTOTYPES = YES;
				CLANG_WARN_SUSPICIOUS_MOVE = YES;
				CLANG_WARN_UNGUARDED_AVAILABILITY = YES_AGGRESSIVE;
				CLANG_WARN_UNREACHABLE_CODE = YES;
				CLANG_WARN__DUPLICATE_METHOD_MATCH = YES;
				COPY_PHASE_STRIP = NO;
				DEBUG_INFORMATION_FORMAT = "dwarf-with-dsym";
				DEVELOPMENT_TEAM = AEHX3J775Q;
				ENABLE_NS_ASSERTIONS = NO;
				ENABLE_STRICT_OBJC_MSGSEND = YES;
				ENABLE_USER_SCRIPT_SANDBOXING = YES;
				GCC_C_LANGUAGE_STANDARD = gnu17;
				GCC_NO_COMMON_BLOCKS = YES;
				GCC_WARN_64_TO_32_BIT_CONVERSION = YES;
				GCC_WARN_ABOUT_RETURN_TYPE = YES_ERROR;
				GCC_WARN_UNDECLARED_SELECTOR = YES;
				GCC_WARN_UNINITIALIZED_AUTOS = YES_AGGRESSIVE;
				GCC_WARN_UNUSED_FUNCTION = YES;
				GCC_WARN_UNUSED_VARIABLE = YES;
				IPHONEOS_DEPLOYMENT_TARGET = 26.2;
				LOCALIZATION_PREFERS_STRING_CATALOGS = YES;
				MTL_ENABLE_DEBUG_INFO = NO;
				MTL_FAST_MATH = YES;
				SDKROOT = iphoneos;
				STRING_CATALOG_GENERATE_SYMBOLS = YES;
				SWIFT_COMPILATION_MODE = wholemodule;
				VALIDATE_PRODUCT = YES;
			};
			name = Release;
		};
		9A2471F02F47BB3D0021B434 /* Debug */ = {
			isa = XCBuildConfiguration;
			buildSettings = {
				BUNDLE_LOADER = "$(TEST_HOST)";
				CODE_SIGN_STYLE = Automatic;
				CURRENT_PROJECT_VERSION = 1;
				DEVELOPMENT_TEAM = AEHX3J775Q;
				GENERATE_INFOPLIST_FILE = YES;
				IPHONEOS_DEPLOYMENT_TARGET = 26.2;
				MARKETING_VERSION = 1.0;
				PRODUCT_BUNDLE_IDENTIFIER = me.riepl.progressTests;
				PRODUCT_NAME = "$(TARGET_NAME)";
				STRING_CATALOG_GENERATE_SYMBOLS = NO;
				SWIFT_APPROACHABLE_CONCURRENCY = YES;
				SWIFT_EMIT_LOC_STRINGS = NO;
				SWIFT_UPCOMING_FEATURE_MEMBER_IMPORT_VISIBILITY = YES;
				SWIFT_VERSION = 5.0;
				TARGETED_DEVICE_FAMILY = "1,2";
				TEST_HOST = "$(BUILT_PRODUCTS_DIR)/progress.app/$(BUNDLE_EXECUTABLE_FOLDER_PATH)/progress";
			};
			name = Debug;
		};
		9A2471F12F47BB3D0021B434 /* Release */ = {
			isa = XCBuildConfiguration;
			buildSettings = {
				BUNDLE_LOADER = "$(TEST_HOST)";
				CODE_SIGN_STYLE = Automatic;
				CURRENT_PROJECT_VERSION = 1;
				DEVELOPMENT_TEAM = AEHX3J775Q;
				GENERATE_INFOPLIST_FILE = YES;
				IPHONEOS_DEPLOYMENT_TARGET = 26.2;
				MARKETING_VERSION = 1.0;
				PRODUCT_BUNDLE_IDENTIFIER = me.riepl.progressTests;
				PRODUCT_NAME = "$(TARGET_NAME)";
				STRING_CATALOG_GENERATE_SYMBOLS = NO;
				SWIFT_APPROACHABLE_CONCURRENCY = YES;
				SWIFT_EMIT_LOC_STRINGS = NO;
				SWIFT_UPCOMING_FEATURE_MEMBER_IMPORT_VISIBILITY = YES;
				SWIFT_VERSION = 5.0;
				TARGETED_DEVICE_FAMILY = "1,2";
				TEST_HOST = "$(BUILT_PRODUCTS_DIR)/progress.app/$(BUNDLE_EXECUTABLE_FOLDER_PATH)/progress";
			};
			name = Release;
		};
		9A2471F32F47BB3D0021B434 /* Debug */ = {
			isa = XCBuildConfiguration;
			buildSettings = {
				CODE_SIGN_STYLE = Automatic;
				CURRENT_PROJECT_VERSION = 1;
				DEVELOPMENT_TEAM = AEHX3J775Q;
				GENERATE_INFOPLIST_FILE = YES;
				MARKETING_VERSION = 1.0;
				PRODUCT_BUNDLE_IDENTIFIER = me.riepl.progressUITests;
				PRODUCT_NAME = "$(TARGET_NAME)";
				STRING_CATALOG_GENERATE_SYMBOLS = NO;
				SWIFT_APPROACHABLE_CONCURRENCY = YES;
				SWIFT_EMIT_LOC_STRINGS = NO;
				SWIFT_UPCOMING_FEATURE_MEMBER_IMPORT_VISIBILITY = YES;
				SWIFT_VERSION = 5.0;
				TARGETED_DEVICE_FAMILY = "1,2";
				TEST_TARGET_NAME = progress;
			};
			name = Debug;
		};
		9A2471F42F47BB3D0021B434 /* Release */ = {
			isa = XCBuildConfiguration;
			buildSettings = {
				CODE_SIGN_STYLE = Automatic;
				CURRENT_PROJECT_VERSION = 1;
				DEVELOPMENT_TEAM = AEHX3J775Q;
				GENERATE_INFOPLIST_FILE = YES;
				MARKETING_VERSION = 1.0;
				PRODUCT_BUNDLE_IDENTIFIER = me.riepl.progressUITests;
				PRODUCT_NAME = "$(TARGET_NAME)";
				STRING_CATALOG_GENERATE_SYMBOLS = NO;
				SWIFT_APPROACHABLE_CONCURRENCY = YES;
				SWIFT_EMIT_LOC_STRINGS = NO;
				SWIFT_UPCOMING_FEATURE_MEMBER_IMPORT_VISIBILITY = YES;
				SWIFT_VERSION = 5.0;
				TARGETED_DEVICE_FAMILY = "1,2";
				TEST_TARGET_NAME = progress;
			};
			name = Release;
		};
/* End XCBuildConfiguration section */

/* Begin XCConfigurationList section */
		9A2471BE2F47BB3C0021B434 /* Build configuration list for PBXProject "progress" */ = {
			isa = XCConfigurationList;
			buildConfigurations = (
				9A2471ED2F47BB3D0021B434 /* Debug */,
				9A2471EE2F47BB3D0021B434 /* Release */,
			);
			defaultConfigurationIsVisible = 0;
			defaultConfigurationName = Release;
		};
		9A2471EA2F47BB3D0021B434 /* Build configuration list for PBXNativeTarget "progress" */ = {
			isa = XCConfigurationList;
			buildConfigurations = (
				9A2471EB2F47BB3D0021B434 /* Debug */,
				9A2471EC2F47BB3D0021B434 /* Release */,
			);
			defaultConfigurationIsVisible = 0;
			defaultConfigurationName = Release;
		};
		9A2471EF2F47BB3D0021B434 /* Build configuration list for PBXNativeTarget "progressTests" */ = {
			isa = XCConfigurationList;
			buildConfigurations = (
				9A2471F02F47BB3D0021B434 /* Debug */,
				9A2471F12F47BB3D0021B434 /* Release */,
			);
			defaultConfigurationIsVisible = 0;
			defaultConfigurationName = Release;
		};
		9A2471F22F47BB3D0021B434 /* Build configuration list for PBXNativeTarget "progressUITests" */ = {
			isa = XCConfigurationList;
			buildConfigurations = (
				9A2471F32F47BB3D0021B434 /* Debug */,
				9A2471F42F47BB3D0021B434 /* Release */,
			);
			defaultConfigurationIsVisible = 0;
			defaultConfigurationName = Release;
		};
/* End XCConfigurationList section */
	};
	rootObject = 9A2471BB2F47BB3C0021B434 /* Project object */;
}
